
Microsoft Visual Studio Solution File, Format Version 12.00
# Visual Studio Version 17
VisualStudioVersion = 17.1.32421.90
MinimumVisualStudioVersion = 10.0.40219.1
Project("{FAE04EC0-301F-11D3-BF4B-00C04F79EFBC}") = "DontGuessAWordTwice", "DontGuessAWordTwice\DontGuessAWordTwice.csproj", "{056F78B7-2AF7-4F17-9898-395CF1677F7C}"
EndProject
Global
	GlobalSection(SolutionConfigurationPlatforms) = preSolution
		Debug|Any CPU = Debug|Any CPU
		Release|Any CPU = Release|Any CPU
	EndGlobalSection
	GlobalSection(ProjectConfigurationPlatforms) = postSolution
		{056F78B7-2AF7-4F17-9898-395CF1677F7C}.Debug|Any CPU.ActiveCfg = Debug|Any CPU
		{056F78B7-2AF7-4F17-9898-395CF1677F7C}.Debug|Any CPU.Build.0 = Debug|Any CPU
		{056F78B7-2AF7-4F17-9898-395CF1677F7C}.Release|Any CPU.ActiveCfg = Release|Any CPU
		{056F78B7-2AF7-4F17-9898-395CF1677F7C}.Release|Any CPU.Build.0 = Release|Any CPU
	EndGlobalSection
	GlobalSection(SolutionProperties) = preSolution
		HideSolutionNode = FALSE
	EndGlobalSection
	GlobalSection(ExtensibilityGlobals) = postSolution
		SolutionGuid = {219D8ABA-6290-4D53-B6BA-4E5ACEEEAD7B}
	EndGlobalSection
EndGlobal
